// !$*UTF8*$!
{
	archiveVersion = 1;
	classes = {
	};
	objectVersion = 56;
	objects = {

/* Begin PBXBuildFile section */
		E00B75B82A41FEFF002C2FD5 /* AppDelegate.swift in Sources */ = {isa = PBXBuildFile; fileRef = E00B75B72A41FEFF002C2FD5 /* AppDelegate.swift */; };
		E00B75BA2A41FEFF002C2FD5 /* SceneDelegate.swift in Sources */ = {isa = PBXBuildFile; fileRef = E00B75B92A41FEFF002C2FD5 /* SceneDelegate.swift */; };
		E00B75BC2A41FEFF002C2FD5 /* HomeScreen.swift in Sources */ = {isa = PBXBuildFile; fileRef = E00B75BB2A41FEFF002C2FD5 /* HomeScreen.swift */; };
		E00B75C22A41FEFF002C2FD5 /* EzyBlogger.xcdatamodeld in Sources */ = {isa = PBXBuildFile; fileRef = E00B75C02A41FEFF002C2FD5 /* EzyBlogger.xcdatamodeld */; };
		E00B75C42A41FF01002C2FD5 /* Assets.xcassets in Resources */ = {isa = PBXBuildFile; fileRef = E00B75C32A41FF01002C2FD5 /* Assets.xcassets */; };
		E00B75C72A41FF01002C2FD5 /* LaunchScreen.storyboard in Resources */ = {isa = PBXBuildFile; fileRef = E00B75C52A41FF01002C2FD5 /* LaunchScreen.storyboard */; };
		E00B75D02A41FF3E002C2FD5 /* StoreKit.framework in Frameworks */ = {isa = PBXBuildFile; fileRef = E00B75CF2A41FF3E002C2FD5 /* StoreKit.framework */; };
		E00B75D72A420145002C2FD5 /* ProfileScreen.swift in Sources */ = {isa = PBXBuildFile; fileRef = E00B75D62A420145002C2FD5 /* ProfileScreen.swift */; };
		E00B75D92A42030E002C2FD5 /* TabBarViewController.swift in Sources */ = {isa = PBXBuildFile; fileRef = E00B75D82A42030E002C2FD5 /* TabBarViewController.swift */; };
		E00B75DB2A432FE7002C2FD5 /* SignInScreen.swift in Sources */ = {isa = PBXBuildFile; fileRef = E00B75DA2A432FE7002C2FD5 /* SignInScreen.swift */; };
		E00B75DD2A432FF8002C2FD5 /* RegisterScreen.swift in Sources */ = {isa = PBXBuildFile; fileRef = E00B75DC2A432FF8002C2FD5 /* RegisterScreen.swift */; };
		E00B75DF2A43301C002C2FD5 /* ViewPostScreen.swift in Sources */ = {isa = PBXBuildFile; fileRef = E00B75DE2A43301C002C2FD5 /* ViewPostScreen.swift */; };
		E00B75E12A433031002C2FD5 /* CreateNewPostScreen.swift in Sources */ = {isa = PBXBuildFile; fileRef = E00B75E02A433031002C2FD5 /* CreateNewPostScreen.swift */; };
		E00B75E32A433077002C2FD5 /* IAPManager.swift in Sources */ = {isa = PBXBuildFile; fileRef = E00B75E22A433077002C2FD5 /* IAPManager.swift */; };
		E00B75E52A4330C3002C2FD5 /* DatabaseManager.swift in Sources */ = {isa = PBXBuildFile; fileRef = E00B75E42A4330C3002C2FD5 /* DatabaseManager.swift */; };
		E00B75E72A4330D7002C2FD5 /* AuthManager.swift in Sources */ = {isa = PBXBuildFile; fileRef = E00B75E62A4330D7002C2FD5 /* AuthManager.swift */; };
		E00B75E92A4330EF002C2FD5 /* StorageManager.swift in Sources */ = {isa = PBXBuildFile; fileRef = E00B75E82A4330EF002C2FD5 /* StorageManager.swift */; };
/* End PBXBuildFile section */

/* Begin PBXFileReference section */
		E00B75B42A41FEFF002C2FD5 /* EzyBlogger.app */ = {isa = PBXFileReference; explicitFileType = wrapper.application; includeInIndex = 0; path = EzyBlogger.app; sourceTree = BUILT_PRODUCTS_DIR; };
		E00B75B72A41FEFF002C2FD5 /* AppDelegate.swift */ = {isa = PBXFileReference; lastKnownFileType = sourcecode.swift; path = AppDelegate.swift; sourceTree = "<group>"; };
		E00B75B92A41FEFF002C2FD5 /* SceneDelegate.swift */ = {isa = PBXFileReference; lastKnownFileType = sourcecode.swift; path = SceneDelegate.swift; sourceTree = "<group>"; };
		E00B75BB2A41FEFF002C2FD5 /* HomeScreen.swift */ = {isa = PBXFileReference; lastKnownFileType = sourcecode.swift; path = HomeScreen.swift; sourceTree = "<group>"; };
		E00B75C12A41FEFF002C2FD5 /* EzyBlogger.xcdatamodel */ = {isa = PBXFileReference; lastKnownFileType = wrapper.xcdatamodel; path = EzyBlogger.xcdatamodel; sourceTree = "<group>"; };
		E00B75C32A41FF01002C2FD5 /* Assets.xcassets */ = {isa = PBXFileReference; lastKnownFileType = folder.assetcatalog; path = Assets.xcassets; sourceTree = "<group>"; };
		E00B75C62A41FF01002C2FD5 /* Base */ = {isa = PBXFileReference; lastKnownFileType = file.storyboard; name = Base; path = Base.lproj/LaunchScreen.storyboard; sourceTree = "<group>"; };
		E00B75C82A41FF01002C2FD5 /* Info.plist */ = {isa = PBXFileReference; lastKnownFileType = text.plist.xml; path = Info.plist; sourceTree = "<group>"; };
		E00B75CF2A41FF3E002C2FD5 /* StoreKit.framework */ = {isa = PBXFileReference; lastKnownFileType = wrapper.framework; name = StoreKit.framework; path = System/Library/Frameworks/StoreKit.framework; sourceTree = SDKROOT; };
		E00B75D62A420145002C2FD5 /* ProfileScreen.swift */ = {isa = PBXFileReference; lastKnownFileType = sourcecode.swift; path = ProfileScreen.swift; sourceTree = "<group>"; };
		E00B75D82A42030E002C2FD5 /* TabBarViewController.swift */ = {isa = PBXFileReference; lastKnownFileType = sourcecode.swift; path = TabBarViewController.swift; sourceTree = "<group>"; };
		E00B75DA2A432FE7002C2FD5 /* SignInScreen.swift */ = {isa = PBXFileReference; lastKnownFileType = sourcecode.swift; path = SignInScreen.swift; sourceTree = "<group>"; };
		E00B75DC2A432FF8002C2FD5 /* RegisterScreen.swift */ = {isa = PBXFileReference; lastKnownFileType = sourcecode.swift; path = RegisterScreen.swift; sourceTree = "<group>"; };
		E00B75DE2A43301C002C2FD5 /* ViewPostScreen.swift */ = {isa = PBXFileReference; lastKnownFileType = sourcecode.swift; path = ViewPostScreen.swift; sourceTree = "<group>"; };
		E00B75E02A433031002C2FD5 /* CreateNewPostScreen.swift */ = {isa = PBXFileReference; lastKnownFileType = sourcecode.swift; path = CreateNewPostScreen.swift; sourceTree = "<group>"; };
		E00B75E22A433077002C2FD5 /* IAPManager.swift */ = {isa = PBXFileReference; lastKnownFileType = sourcecode.swift; path = IAPManager.swift; sourceTree = "<group>"; };
		E00B75E42A4330C3002C2FD5 /* DatabaseManager.swift */ = {isa = PBXFileReference; lastKnownFileType = sourcecode.swift; path = DatabaseManager.swift; sourceTree = "<group>"; };
		E00B75E62A4330D7002C2FD5 /* AuthManager.swift */ = {isa = PBXFileReference; lastKnownFileType = sourcecode.swift; path = AuthManager.swift; sourceTree = "<group>"; };
		E00B75E82A4330EF002C2FD5 /* StorageManager.swift */ = {isa = PBXFileReference; lastKnownFileType = sourcecode.swift; path = StorageManager.swift; sourceTree = "<group>"; };
/* End PBXFileReference section */

/* Begin PBXFrameworksBuildPhase section */
		E00B75B12A41FEFF002C2FD5 /* Frameworks */ = {
			isa = PBXFrameworksBuildPhase;
			buildActionMask = 2147483647;
			files = (
				E00B75D02A41FF3E002C2FD5 /* StoreKit.framework in Frameworks */,
			);
			runOnlyForDeploymentPostprocessing = 0;
		};
/* End PBXFrameworksBuildPhase section */

/* Begin PBXGroup section */
		E00B75AB2A41FEFF002C2FD5 = {
			isa = PBXGroup;
			children = (
				E00B75B62A41FEFF002C2FD5 /* EzyBlogger */,
				E00B75B52A41FEFF002C2FD5 /* Products */,
				E00B75CE2A41FF3E002C2FD5 /* Frameworks */,
			);
			sourceTree = "<group>";
		};
		E00B75B52A41FEFF002C2FD5 /* Products */ = {
			isa = PBXGroup;
			children = (
				E00B75B42A41FEFF002C2FD5 /* EzyBlogger.app */,
			);
			name = Products;
			sourceTree = "<group>";
		};
		E00B75B62A41FEFF002C2FD5 /* EzyBlogger */ = {
			isa = PBXGroup;
			children = (
				E00B75D52A4200DD002C2FD5 /* Resources */,
				E00B75D42A4200D3002C2FD5 /* Controller */,
				E00B75D32A4200CA002C2FD5 /* Views */,
				E00B75D12A4200AE002C2FD5 /* Models */,
				E00B75C02A41FEFF002C2FD5 /* EzyBlogger.xcdatamodeld */,
				E00B75C82A41FF01002C2FD5 /* Info.plist */,
			);
			path = EzyBlogger;
			sourceTree = "<group>";
		};
		E00B75CE2A41FF3E002C2FD5 /* Frameworks */ = {
			isa = PBXGroup;
			children = (
				E00B75CF2A41FF3E002C2FD5 /* StoreKit.framework */,
			);
			name = Frameworks;
			sourceTree = "<group>";
		};
		E00B75D12A4200AE002C2FD5 /* Models */ = {
			isa = PBXGroup;
			children = (
				E00B75E22A433077002C2FD5 /* IAPManager.swift */,
				E00B75E42A4330C3002C2FD5 /* DatabaseManager.swift */,
				E00B75E62A4330D7002C2FD5 /* AuthManager.swift */,
				E00B75E82A4330EF002C2FD5 /* StorageManager.swift */,
			);
			path = Models;
			sourceTree = "<group>";
		};
		E00B75D32A4200CA002C2FD5 /* Views */ = {
			isa = PBXGroup;
			children = (
				E00B75C52A41FF01002C2FD5 /* LaunchScreen.storyboard */,
			);
			path = Views;
			sourceTree = "<group>";
		};
		E00B75D42A4200D3002C2FD5 /* Controller */ = {
			isa = PBXGroup;
			children = (
				E00B75EA2A43350D002C2FD5 /* Core Tabs */,
				E00B75EB2A433528002C2FD5 /* Auth */,
				E00B75EC2A433536002C2FD5 /* Post */,
			);
			path = Controller;
			sourceTree = "<group>";
		};
		E00B75D52A4200DD002C2FD5 /* Resources */ = {
			isa = PBXGroup;
			children = (
				E00B75C32A41FF01002C2FD5 /* Assets.xcassets */,
				E00B75B72A41FEFF002C2FD5 /* AppDelegate.swift */,
				E00B75B92A41FEFF002C2FD5 /* SceneDelegate.swift */,
			);
			path = Resources;
			sourceTree = "<group>";
		};
		E00B75EA2A43350D002C2FD5 /* Core Tabs */ = {
			isa = PBXGroup;
			children = (
				E00B75BB2A41FEFF002C2FD5 /* HomeScreen.swift */,
				E00B75D62A420145002C2FD5 /* ProfileScreen.swift */,
				E00B75D82A42030E002C2FD5 /* TabBarViewController.swift */,
			);
			path = "Core Tabs";
			sourceTree = "<group>";
		};
		E00B75EB2A433528002C2FD5 /* Auth */ = {
			isa = PBXGroup;
			children = (
				E00B75DA2A432FE7002C2FD5 /* SignInScreen.swift */,
				E00B75DC2A432FF8002C2FD5 /* RegisterScreen.swift */,
			);
			path = Auth;
			sourceTree = "<group>";
		};
		E00B75EC2A433536002C2FD5 /* Post */ = {
			isa = PBXGroup;
			children = (
				E00B75DE2A43301C002C2FD5 /* ViewPostScreen.swift */,
				E00B75E02A433031002C2FD5 /* CreateNewPostScreen.swift */,
			);
			path = Post;
			sourceTree = "<group>";
		};
/* End PBXGroup section */

/* Begin PBXNativeTarget section */
		E00B75B32A41FEFF002C2FD5 /* EzyBlogger */ = {
			isa = PBXNativeTarget;
			buildConfigurationList = E00B75CB2A41FF01002C2FD5 /* Build configuration list for PBXNativeTarget "EzyBlogger" */;
			buildPhases = (
				E00B75B02A41FEFF002C2FD5 /* Sources */,
				E00B75B12A41FEFF002C2FD5 /* Frameworks */,
				E00B75B22A41FEFF002C2FD5 /* Resources */,
			);
			buildRules = (
			);
			dependencies = (
			);
			name = EzyBlogger;
			productName = EzyBlogger;
			productReference = E00B75B42A41FEFF002C2FD5 /* EzyBlogger.app */;
			productType = "com.apple.product-type.application";
		};
/* End PBXNativeTarget section */

/* Begin PBXProject section */
		E00B75AC2A41FEFF002C2FD5 /* Project object */ = {
			isa = PBXProject;
			attributes = {
				BuildIndependentTargetsInParallel = 1;
				LastSwiftUpdateCheck = 1430;
				LastUpgradeCheck = 1430;
				TargetAttributes = {
					E00B75B32A41FEFF002C2FD5 = {
						CreatedOnToolsVersion = 14.3.1;
					};
				};
			};
			buildConfigurationList = E00B75AF2A41FEFF002C2FD5 /* Build configuration list for PBXProject "EzyBlogger" */;
			compatibilityVersion = "Xcode 14.0";
			developmentRegion = en;
			hasScannedForEncodings = 0;
			knownRegions = (
				en,
				Base,
			);
			mainGroup = E00B75AB2A41FEFF002C2FD5;
			productRefGroup = E00B75B52A41FEFF002C2FD5 /* Products */;
			projectDirPath = "";
			projectRoot = "";
			targets = (
				E00B75B32A41FEFF002C2FD5 /* EzyBlogger */,
			);
		};
/* End PBXProject section */

/* Begin PBXResourcesBuildPhase section */
		E00B75B22A41FEFF002C2FD5 /* Resources */ = {
			isa = PBXResourcesBuildPhase;
			buildActionMask = 2147483647;
			files = (
				E00B75C72A41FF01002C2FD5 /* LaunchScreen.storyboard in Resources */,
				E00B75C42A41FF01002C2FD5 /* Assets.xcassets in Resources */,
			);
			runOnlyForDeploymentPostprocessing = 0;
		};
/* End PBXResourcesBuildPhase section */

/* Begin PBXSourcesBuildPhase section */
		E00B75B02A41FEFF002C2FD5 /* Sources */ = {
			isa = PBXSourcesBuildPhase;
			buildActionMask = 2147483647;
			files = (
				E00B75BC2A41FEFF002C2FD5 /* HomeScreen.swift in Sources */,
				E00B75C22A41FEFF002C2FD5 /* EzyBlogger.xcdatamodeld in Sources */,
				E00B75E32A433077002C2FD5 /* IAPManager.swift in Sources */,
				E00B75E92A4330EF002C2FD5 /* StorageManager.swift in Sources */,
				E00B75E72A4330D7002C2FD5 /* AuthManager.swift in Sources */,
				E00B75E12A433031002C2FD5 /* CreateNewPostScreen.swift in Sources */,
				E00B75DF2A43301C002C2FD5 /* ViewPostScreen.swift in Sources */,
				E00B75B82A41FEFF002C2FD5 /* AppDelegate.swift in Sources */,
				E00B75DB2A432FE7002C2FD5 /* SignInScreen.swift in Sources */,
				E00B75DD2A432FF8002C2FD5 /* RegisterScreen.swift in Sources */,
				E00B75E52A4330C3002C2FD5 /* DatabaseManager.swift in Sources */,
				E00B75BA2A41FEFF002C2FD5 /* SceneDelegate.swift in Sources */,
				E00B75D92A42030E002C2FD5 /* TabBarViewController.swift in Sources */,
				E00B75D72A420145002C2FD5 /* ProfileScreen.swift in Sources */,
			);
			runOnlyForDeploymentPostprocessing = 0;
		};
/* End PBXSourcesBuildPhase section */

/* Begin PBXVariantGroup section */
		E00B75C52A41FF01002C2FD5 /* LaunchScreen.storyboard */ = {
			isa = PBXVariantGroup;
			children = (
				E00B75C62A41FF01002C2FD5 /* Base */,
			);
			name = LaunchScreen.storyboard;
			sourceTree = "<group>";
		};
/* End PBXVariantGroup section */

/* Begin XCBuildConfiguration section */
		E00B75C92A41FF01002C2FD5 /* Debug */ = {
			isa = XCBuildConfiguration;
			buildSettings = {
				ALWAYS_SEARCH_USER_PATHS = NO;
				CLANG_ANALYZER_NONNULL = YES;
				CLANG_ANALYZER_NUMBER_OBJECT_CONVERSION = YES_AGGRESSIVE;
				CLANG_CXX_LANGUAGE_STANDARD = "gnu++20";
				CLANG_ENABLE_MODULES = YES;
				CLANG_ENABLE_OBJC_ARC = YES;
				CLANG_ENABLE_OBJC_WEAK = YES;
				CLANG_WARN_BLOCK_CAPTURE_AUTORELEASING = YES;
				CLANG_WARN_BOOL_CONVERSION = YES;
				CLANG_WARN_COMMA = YES;
				CLANG_WARN_CONSTANT_CONVERSION = YES;
				CLANG_WARN_DEPRECATED_OBJC_IMPLEMENTATIONS = YES;
				CLANG_WARN_DIRECT_OBJC_ISA_USAGE = YES_ERROR;
				CLANG_WARN_DOCUMENTATION_COMMENTS = YES;
				CLANG_WARN_EMPTY_BODY = YES;
				CLANG_WARN_ENUM_CONVERSION = YES;
				CLANG_WARN_INFINITE_RECURSION = YES;
				CLANG_WARN_INT_CONVERSION = YES;
				CLANG_WARN_NON_LITERAL_NULL_CONVERSION = YES;
				CLANG_WARN_OBJC_IMPLICIT_RETAIN_SELF = YES;
				CLANG_WARN_OBJC_LITERAL_CONVERSION = YES;
				CLANG_WARN_OBJC_ROOT_CLASS = YES_ERROR;
				CLANG_WARN_QUOTED_INCLUDE_IN_FRAMEWORK_HEADER = YES;
				CLANG_WARN_RANGE_LOOP_ANALYSIS = YES;
				CLANG_WARN_STRICT_PROTOTYPES = YES;
				CLANG_WARN_SUSPICIOUS_MOVE = YES;
				CLANG_WARN_UNGUARDED_AVAILABILITY = YES_AGGRESSIVE;
				CLANG_WARN_UNREACHABLE_CODE = YES;
				CLANG_WARN__DUPLICATE_METHOD_MATCH = YES;
				COPY_PHASE_STRIP = NO;
				DEBUG_INFORMATION_FORMAT = dwarf;
				ENABLE_STRICT_OBJC_MSGSEND = YES;
				ENABLE_TESTABILITY = YES;
				GCC_C_LANGUAGE_STANDARD = gnu11;
				GCC_DYNAMIC_NO_PIC = NO;
				GCC_NO_COMMON_BLOCKS = YES;
				GCC_OPTIMIZATION_LEVEL = 0;
				GCC_PREPROCESSOR_DEFINITIONS = (
					"DEBUG=1",
					"$(inherited)",
				);
				GCC_WARN_64_TO_32_BIT_CONVERSION = YES;
				GCC_WARN_ABOUT_RETURN_TYPE = YES_ERROR;
				GCC_WARN_UNDECLARED_SELECTOR = YES;
				GCC_WARN_UNINITIALIZED_AUTOS = YES_AGGRESSIVE;
				GCC_WARN_UNUSED_FUNCTION = YES;
				GCC_WARN_UNUSED_VARIABLE = YES;
				IPHONEOS_DEPLOYMENT_TARGET = 16.4;
				MTL_ENABLE_DEBUG_INFO = INCLUDE_SOURCE;
				MTL_FAST_MATH = YES;
				ONLY_ACTIVE_ARCH = YES;
				SDKROOT = iphoneos;
				SWIFT_ACTIVE_COMPILATION_CONDITIONS = DEBUG;
				SWIFT_OPTIMIZATION_LEVEL = "-Onone";
			};
			name = Debug;
		};
		E00B75CA2A41FF01002C2FD5 /* Release */ = {
			isa = XCBuildConfiguration;
			buildSettings = {
				ALWAYS_SEARCH_USER_PATHS = NO;
				CLANG_ANALYZER_NONNULL = YES;
				CLANG_ANALYZER_NUMBER_OBJECT_CONVERSION = YES_AGGRESSIVE;
				CLANG_CXX_LANGUAGE_STANDARD = "gnu++20";
				CLANG_ENABLE_MODULES = YES;
				CLANG_ENABLE_OBJC_ARC = YES;
				CLANG_ENABLE_OBJC_WEAK = YES;
				CLANG_WARN_BLOCK_CAPTURE_AUTORELEASING = YES;
				CLANG_WARN_BOOL_CONVERSION = YES;
				CLANG_WARN_COMMA = YES;
				CLANG_WARN_CONSTANT_CONVERSION = YES;
				CLANG_WARN_DEPRECATED_OBJC_IMPLEMENTATIONS = YES;
				CLANG_WARN_DIRECT_OBJC_ISA_USAGE = YES_ERROR;
				CLANG_WARN_DOCUMENTATION_COMMENTS = YES;
				CLANG_WARN_EMPTY_BODY = YES;
				CLANG_WARN_ENUM_CONVERSION = YES;
				CLANG_WARN_INFINITE_RECURSION = YES;
				CLANG_WARN_INT_CONVERSION = YES;
				CLANG_WARN_NON_LITERAL_NULL_CONVERSION = YES;
				CLANG_WARN_OBJC_IMPLICIT_RETAIN_SELF = YES;
				CLANG_WARN_OBJC_LITERAL_CONVERSION = YES;
				CLANG_WARN_OBJC_ROOT_CLASS = YES_ERROR;
				CLANG_WARN_QUOTED_INCLUDE_IN_FRAMEWORK_HEADER = YES;
				CLANG_WARN_RANGE_LOOP_ANALYSIS = YES;
				CLANG_WARN_STRICT_PROTOTYPES = YES;
				CLANG_WARN_SUSPICIOUS_MOVE = YES;
				CLANG_WARN_UNGUARDED_AVAILABILITY = YES_AGGRESSIVE;
				CLANG_WARN_UNREACHABLE_CODE = YES;
				CLANG_WARN__DUPLICATE_METHOD_MATCH = YES;
				COPY_PHASE_STRIP = NO;
				DEBUG_INFORMATION_FORMAT = "dwarf-with-dsym";
				ENABLE_NS_ASSERTIONS = NO;
				ENABLE_STRICT_OBJC_MSGSEND = YES;
				GCC_C_LANGUAGE_STANDARD = gnu11;
				GCC_NO_COMMON_BLOCKS = YES;
				GCC_WARN_64_TO_32_BIT_CONVERSION = YES;
				GCC_WARN_ABOUT_RETURN_TYPE = YES_ERROR;
				GCC_WARN_UNDECLARED_SELECTOR = YES;
				GCC_WARN_UNINITIALIZED_AUTOS = YES_AGGRESSIVE;
				GCC_WARN_UNUSED_FUNCTION = YES;
				GCC_WARN_UNUSED_VARIABLE = YES;
				IPHONEOS_DEPLOYMENT_TARGET = 16.4;
				MTL_ENABLE_DEBUG_INFO = NO;
				MTL_FAST_MATH = YES;
				SDKROOT = iphoneos;
				SWIFT_COMPILATION_MODE = wholemodule;
				SWIFT_OPTIMIZATION_LEVEL = "-O";
				VALIDATE_PRODUCT = YES;
			};
			name = Release;
		};
		E00B75CC2A41FF01002C2FD5 /* Debug */ = {
			isa = XCBuildConfiguration;
			buildSettings = {
				ASSETCATALOG_COMPILER_APPICON_NAME = AppIcon;
				ASSETCATALOG_COMPILER_GLOBAL_ACCENT_COLOR_NAME = AccentColor;
				CODE_SIGN_STYLE = Automatic;
				CURRENT_PROJECT_VERSION = 1;
				GENERATE_INFOPLIST_FILE = YES;
				INFOPLIST_FILE = EzyBlogger/Info.plist;
				INFOPLIST_KEY_UIApplicationSupportsIndirectInputEvents = YES;
				INFOPLIST_KEY_UILaunchStoryboardName = LaunchScreen;
				INFOPLIST_KEY_UISupportedInterfaceOrientations = UIInterfaceOrientationPortrait;
				IPHONEOS_DEPLOYMENT_TARGET = 15.0;
				LD_RUNPATH_SEARCH_PATHS = (
					"$(inherited)",
					"@executable_path/Frameworks",
				);
				MARKETING_VERSION = 1.0;
				PRODUCT_BUNDLE_IDENTIFIER = com.ravalbit.EzyBlogger;
				PRODUCT_NAME = "$(TARGET_NAME)";
				SUPPORTED_PLATFORMS = "iphoneos iphonesimulator";
				SUPPORTS_MACCATALYST = NO;
				SUPPORTS_MAC_DESIGNED_FOR_IPHONE_IPAD = YES;
				SWIFT_EMIT_LOC_STRINGS = YES;
				SWIFT_VERSION = 5.0;
				TARGETED_DEVICE_FAMILY = 1;
			};
			name = Debug;
		};
		E00B75CD2A41FF01002C2FD5 /* Release */ = {
			isa = XCBuildConfiguration;
			buildSettings = {
				ASSETCATALOG_COMPILER_APPICON_NAME = AppIcon;
				ASSETCATALOG_COMPILER_GLOBAL_ACCENT_COLOR_NAME = AccentColor;
				CODE_SIGN_STYLE = Automatic;
				CURRENT_PROJECT_VERSION = 1;
				GENERATE_INFOPLIST_FILE = YES;
				INFOPLIST_FILE = EzyBlogger/Info.plist;
				INFOPLIST_KEY_UIApplicationSupportsIndirectInputEvents = YES;
				INFOPLIST_KEY_UILaunchStoryboardName = LaunchScreen;
				INFOPLIST_KEY_UISupportedInterfaceOrientations = UIInterfaceOrientationPortrait;
				IPHONEOS_DEPLOYMENT_TARGET = 15.0;
				LD_RUNPATH_SEARCH_PATHS = (
					"$(inherited)",
					"@executable_path/Frameworks",
				);
				MARKETING_VERSION = 1.0;
				PRODUCT_BUNDLE_IDENTIFIER = com.ravalbit.EzyBlogger;
				PRODUCT_NAME = "$(TARGET_NAME)";
				SUPPORTED_PLATFORMS = "iphoneos iphonesimulator";
				SUPPORTS_MACCATALYST = NO;
				SUPPORTS_MAC_DESIGNED_FOR_IPHONE_IPAD = YES;
				SWIFT_EMIT_LOC_STRINGS = YES;
				SWIFT_VERSION = 5.0;
				TARGETED_DEVICE_FAMILY = 1;
			};
			name = Release;
		};
/* End XCBuildConfiguration section */

/* Begin XCConfigurationList section */
		E00B75AF2A41FEFF002C2FD5 /* Build configuration list for PBXProject "EzyBlogger" */ = {
			isa = XCConfigurationList;
			buildConfigurations = (
				E00B75C92A41FF01002C2FD5 /* Debug */,
				E00B75CA2A41FF01002C2FD5 /* Release */,
			);
			defaultConfigurationIsVisible = 0;
			defaultConfigurationName = Release;
		};
		E00B75CB2A41FF01002C2FD5 /* Build configuration list for PBXNativeTarget "EzyBlogger" */ = {
			isa = XCConfigurationList;
			buildConfigurations = (
				E00B75CC2A41FF01002C2FD5 /* Debug */,
				E00B75CD2A41FF01002C2FD5 /* Release */,
			);
			defaultConfigurationIsVisible = 0;
			defaultConfigurationName = Release;
		};
/* End XCConfigurationList section */

/* Begin XCVersionGroup section */
		E00B75C02A41FEFF002C2FD5 /* EzyBlogger.xcdatamodeld */ = {
			isa = XCVersionGroup;
			children = (
				E00B75C12A41FEFF002C2FD5 /* EzyBlogger.xcdatamodel */,
			);
			currentVersion = E00B75C12A41FEFF002C2FD5 /* EzyBlogger.xcdatamodel */;
			path = EzyBlogger.xcdatamodeld;
			sourceTree = "<group>";
			versionGroupType = wrapper.xcdatamodel;
		};
/* End XCVersionGroup section */
	};
	rootObject = E00B75AC2A41FEFF002C2FD5 /* Project object */;
}
